
Microsoft Visual Studio Solution File, Format Version 12.00
# Visual Studio Version 16
VisualStudioVersion = 16.0.31624.102
MinimumVisualStudioVersion = 10.0.40219.1
Project("{FAE04EC0-301F-11D3-BF4B-00C04F79EFBC}") = "practica_3", "practica_3.csproj", "{2D142D71-80A3-49CA-B129-38EF78A00697}"
EndProject
Global
	GlobalSection(SolutionConfigurationPlatforms) = preSolution
		Debug|Any CPU = Debug|Any CPU
		Release|Any CPU = Release|Any CPU
	EndGlobalSection
	GlobalSection(ProjectConfigurationPlatforms) = postSolution
		{2D142D71-80A3-49CA-B129-38EF78A00697}.Debug|Any CPU.ActiveCfg = Debug|Any CPU
		{2D142D71-80A3-49CA-B129-38EF78A00697}.Debug|Any CPU.Build.0 = Debug|Any CPU
		{2D142D71-80A3-49CA-B129-38EF78A00697}.Release|Any CPU.ActiveCfg = Release|Any CPU
		{2D142D71-80A3-49CA-B129-38EF78A00697}.Release|Any CPU.Build.0 = Release|Any CPU
	EndGlobalSection
	GlobalSection(SolutionProperties) = preSolution
		HideSolutionNode = FALSE
	EndGlobalSection
	GlobalSection(ExtensibilityGlobals) = postSolution
		SolutionGuid = {92F67623-085F-4400-963B-B62B5544FB67}
	EndGlobalSection
EndGlobal
