
Microsoft Visual Studio Solution File, Format Version 12.00
# Visual Studio Version 16
VisualStudioVersion = 16.0.32413.511
MinimumVisualStudioVersion = 10.0.40219.1
Project("{FAE04EC0-301F-11D3-BF4B-00C04F79EFBC}") = "WpfApp1", "WpfApp1.csproj", "{1EE4A5E7-E5CD-4206-86BB-590664414326}"
EndProject
Global
	GlobalSection(SolutionConfigurationPlatforms) = preSolution
		Debug|Any CPU = Debug|Any CPU
		Release|Any CPU = Release|Any CPU
	EndGlobalSection
	GlobalSection(ProjectConfigurationPlatforms) = postSolution
		{1EE4A5E7-E5CD-4206-86BB-590664414326}.Debug|Any CPU.ActiveCfg = Debug|Any CPU
		{1EE4A5E7-E5CD-4206-86BB-590664414326}.Debug|Any CPU.Build.0 = Debug|Any CPU
		{1EE4A5E7-E5CD-4206-86BB-590664414326}.Release|Any CPU.ActiveCfg = Release|Any CPU
		{1EE4A5E7-E5CD-4206-86BB-590664414326}.Release|Any CPU.Build.0 = Release|Any CPU
	EndGlobalSection
	GlobalSection(SolutionProperties) = preSolution
		HideSolutionNode = FALSE
	EndGlobalSection
	GlobalSection(ExtensibilityGlobals) = postSolution
		SolutionGuid = {CB8ED2ED-C0EB-42D8-972F-0A446EB5E9CD}
	EndGlobalSection
EndGlobal
