
Microsoft Visual Studio Solution File, Format Version 12.00
# Visual Studio Version 16
VisualStudioVersion = 16.0.31624.102
MinimumVisualStudioVersion = 10.0.40219.1
Project("{FAE04EC0-301F-11D3-BF4B-00C04F79EFBC}") = "pruebascasa", "pruebascasa.csproj", "{47070585-1C03-400D-812F-4B336A932E99}"
EndProject
Global
	GlobalSection(SolutionConfigurationPlatforms) = preSolution
		Debug|Any CPU = Debug|Any CPU
		Release|Any CPU = Release|Any CPU
	EndGlobalSection
	GlobalSection(ProjectConfigurationPlatforms) = postSolution
		{47070585-1C03-400D-812F-4B336A932E99}.Debug|Any CPU.ActiveCfg = Debug|Any CPU
		{47070585-1C03-400D-812F-4B336A932E99}.Debug|Any CPU.Build.0 = Debug|Any CPU
		{47070585-1C03-400D-812F-4B336A932E99}.Release|Any CPU.ActiveCfg = Release|Any CPU
		{47070585-1C03-400D-812F-4B336A932E99}.Release|Any CPU.Build.0 = Release|Any CPU
	EndGlobalSection
	GlobalSection(SolutionProperties) = preSolution
		HideSolutionNode = FALSE
	EndGlobalSection
	GlobalSection(ExtensibilityGlobals) = postSolution
		SolutionGuid = {0F19A7F6-06B8-4303-A77F-A77D89587B7F}
	EndGlobalSection
EndGlobal
