
Microsoft Visual Studio Solution File, Format Version 12.00
# Visual Studio Version 16
VisualStudioVersion = 16.0.31624.102
MinimumVisualStudioVersion = 10.0.40219.1
Project("{FAE04EC0-301F-11D3-BF4B-00C04F79EFBC}") = "practica_ahorcado", "practica_ahorcado.csproj", "{F6196FD2-7558-4615-B072-D866EC42860B}"
EndProject
Global
	GlobalSection(SolutionConfigurationPlatforms) = preSolution
		Debug|Any CPU = Debug|Any CPU
		Release|Any CPU = Release|Any CPU
	EndGlobalSection
	GlobalSection(ProjectConfigurationPlatforms) = postSolution
		{F6196FD2-7558-4615-B072-D866EC42860B}.Debug|Any CPU.ActiveCfg = Debug|Any CPU
		{F6196FD2-7558-4615-B072-D866EC42860B}.Debug|Any CPU.Build.0 = Debug|Any CPU
		{F6196FD2-7558-4615-B072-D866EC42860B}.Release|Any CPU.ActiveCfg = Release|Any CPU
		{F6196FD2-7558-4615-B072-D866EC42860B}.Release|Any CPU.Build.0 = Release|Any CPU
	EndGlobalSection
	GlobalSection(SolutionProperties) = preSolution
		HideSolutionNode = FALSE
	EndGlobalSection
	GlobalSection(ExtensibilityGlobals) = postSolution
		SolutionGuid = {45BA70F9-6510-4C84-8C66-4B9594D54F9B}
	EndGlobalSection
EndGlobal
