
Microsoft Visual Studio Solution File, Format Version 12.00
# Visual Studio Version 16
VisualStudioVersion = 16.0.31624.102
MinimumVisualStudioVersion = 10.0.40219.1
Project("{FAE04EC0-301F-11D3-BF4B-00C04F79EFBC}") = "practicandoxaexamen", "practicandoxaexamen.csproj", "{471024FA-012A-4059-A933-FA3C2372165A}"
EndProject
Global
	GlobalSection(SolutionConfigurationPlatforms) = preSolution
		Debug|Any CPU = Debug|Any CPU
		Release|Any CPU = Release|Any CPU
	EndGlobalSection
	GlobalSection(ProjectConfigurationPlatforms) = postSolution
		{471024FA-012A-4059-A933-FA3C2372165A}.Debug|Any CPU.ActiveCfg = Debug|Any CPU
		{471024FA-012A-4059-A933-FA3C2372165A}.Debug|Any CPU.Build.0 = Debug|Any CPU
		{471024FA-012A-4059-A933-FA3C2372165A}.Release|Any CPU.ActiveCfg = Release|Any CPU
		{471024FA-012A-4059-A933-FA3C2372165A}.Release|Any CPU.Build.0 = Release|Any CPU
	EndGlobalSection
	GlobalSection(SolutionProperties) = preSolution
		HideSolutionNode = FALSE
	EndGlobalSection
	GlobalSection(ExtensibilityGlobals) = postSolution
		SolutionGuid = {64472AE2-C963-4909-81B1-067FC81DF7B9}
	EndGlobalSection
EndGlobal
