
Microsoft Visual Studio Solution File, Format Version 12.00
# Visual Studio Version 16
VisualStudioVersion = 16.0.31624.102
MinimumVisualStudioVersion = 10.0.40219.1
Project("{FAE04EC0-301F-11D3-BF4B-00C04F79EFBC}") = "herencia", "herencia.csproj", "{CA98FB5D-839B-4A13-92F6-EE52AD37569B}"
EndProject
Global
	GlobalSection(SolutionConfigurationPlatforms) = preSolution
		Debug|Any CPU = Debug|Any CPU
		Release|Any CPU = Release|Any CPU
	EndGlobalSection
	GlobalSection(ProjectConfigurationPlatforms) = postSolution
		{CA98FB5D-839B-4A13-92F6-EE52AD37569B}.Debug|Any CPU.ActiveCfg = Debug|Any CPU
		{CA98FB5D-839B-4A13-92F6-EE52AD37569B}.Debug|Any CPU.Build.0 = Debug|Any CPU
		{CA98FB5D-839B-4A13-92F6-EE52AD37569B}.Release|Any CPU.ActiveCfg = Release|Any CPU
		{CA98FB5D-839B-4A13-92F6-EE52AD37569B}.Release|Any CPU.Build.0 = Release|Any CPU
	EndGlobalSection
	GlobalSection(SolutionProperties) = preSolution
		HideSolutionNode = FALSE
	EndGlobalSection
	GlobalSection(ExtensibilityGlobals) = postSolution
		SolutionGuid = {B5F93637-CDD1-45A6-8C53-FD2A55DDAD46}
	EndGlobalSection
EndGlobal
