
Microsoft Visual Studio Solution File, Format Version 12.00
# Visual Studio Version 16
VisualStudioVersion = 16.0.31624.102
MinimumVisualStudioVersion = 10.0.40219.1
Project("{FAE04EC0-301F-11D3-BF4B-00C04F79EFBC}") = "pruebas2", "pruebas2.csproj", "{C44136E7-41DB-4226-8F73-CF381D38D66C}"
EndProject
Global
	GlobalSection(SolutionConfigurationPlatforms) = preSolution
		Debug|Any CPU = Debug|Any CPU
		Release|Any CPU = Release|Any CPU
	EndGlobalSection
	GlobalSection(ProjectConfigurationPlatforms) = postSolution
		{C44136E7-41DB-4226-8F73-CF381D38D66C}.Debug|Any CPU.ActiveCfg = Debug|Any CPU
		{C44136E7-41DB-4226-8F73-CF381D38D66C}.Debug|Any CPU.Build.0 = Debug|Any CPU
		{C44136E7-41DB-4226-8F73-CF381D38D66C}.Release|Any CPU.ActiveCfg = Release|Any CPU
		{C44136E7-41DB-4226-8F73-CF381D38D66C}.Release|Any CPU.Build.0 = Release|Any CPU
	EndGlobalSection
	GlobalSection(SolutionProperties) = preSolution
		HideSolutionNode = FALSE
	EndGlobalSection
	GlobalSection(ExtensibilityGlobals) = postSolution
		SolutionGuid = {92E72400-0E4E-4BEB-B823-F3BF136266DC}
	EndGlobalSection
EndGlobal
