
Microsoft Visual Studio Solution File, Format Version 12.00
# Visual Studio Version 16
VisualStudioVersion = 16.0.31624.102
MinimumVisualStudioVersion = 10.0.40219.1
Project("{FAE04EC0-301F-11D3-BF4B-00C04F79EFBC}") = "01-03-2022", "01-03-2022.csproj", "{7575FE22-E3A9-4246-8C17-A4A762F59BA6}"
EndProject
Global
	GlobalSection(SolutionConfigurationPlatforms) = preSolution
		Debug|Any CPU = Debug|Any CPU
		Release|Any CPU = Release|Any CPU
	EndGlobalSection
	GlobalSection(ProjectConfigurationPlatforms) = postSolution
		{7575FE22-E3A9-4246-8C17-A4A762F59BA6}.Debug|Any CPU.ActiveCfg = Debug|Any CPU
		{7575FE22-E3A9-4246-8C17-A4A762F59BA6}.Debug|Any CPU.Build.0 = Debug|Any CPU
		{7575FE22-E3A9-4246-8C17-A4A762F59BA6}.Release|Any CPU.ActiveCfg = Release|Any CPU
		{7575FE22-E3A9-4246-8C17-A4A762F59BA6}.Release|Any CPU.Build.0 = Release|Any CPU
	EndGlobalSection
	GlobalSection(SolutionProperties) = preSolution
		HideSolutionNode = FALSE
	EndGlobalSection
	GlobalSection(ExtensibilityGlobals) = postSolution
		SolutionGuid = {6D6B5D9F-144E-4409-9E89-E8414EC07F57}
	EndGlobalSection
EndGlobal
