
Microsoft Visual Studio Solution File, Format Version 12.00
# Visual Studio Version 16
VisualStudioVersion = 16.0.31624.102
MinimumVisualStudioVersion = 10.0.40219.1
Project("{FAE04EC0-301F-11D3-BF4B-00C04F79EFBC}") = "proyecto tema 2", "proyecto tema 2.csproj", "{DB3C432C-AFC3-4F47-A817-8688E495B2B7}"
EndProject
Global
	GlobalSection(SolutionConfigurationPlatforms) = preSolution
		Debug|Any CPU = Debug|Any CPU
		Release|Any CPU = Release|Any CPU
	EndGlobalSection
	GlobalSection(ProjectConfigurationPlatforms) = postSolution
		{DB3C432C-AFC3-4F47-A817-8688E495B2B7}.Debug|Any CPU.ActiveCfg = Debug|Any CPU
		{DB3C432C-AFC3-4F47-A817-8688E495B2B7}.Debug|Any CPU.Build.0 = Debug|Any CPU
		{DB3C432C-AFC3-4F47-A817-8688E495B2B7}.Release|Any CPU.ActiveCfg = Release|Any CPU
		{DB3C432C-AFC3-4F47-A817-8688E495B2B7}.Release|Any CPU.Build.0 = Release|Any CPU
	EndGlobalSection
	GlobalSection(SolutionProperties) = preSolution
		HideSolutionNode = FALSE
	EndGlobalSection
	GlobalSection(ExtensibilityGlobals) = postSolution
		SolutionGuid = {4336DB7C-FFA4-43DB-8F23-BF8FBB1C86CB}
	EndGlobalSection
EndGlobal
