
Microsoft Visual Studio Solution File, Format Version 12.00
# Visual Studio Version 16
VisualStudioVersion = 16.0.31624.102
MinimumVisualStudioVersion = 10.0.40219.1
Project("{FAE04EC0-301F-11D3-BF4B-00C04F79EFBC}") = "ejercicio 5.2.2", "ejercicio 5.2.2.csproj", "{93E770F9-B3CC-4BE6-A3CB-69BB5F541668}"
EndProject
Global
	GlobalSection(SolutionConfigurationPlatforms) = preSolution
		Debug|Any CPU = Debug|Any CPU
		Release|Any CPU = Release|Any CPU
	EndGlobalSection
	GlobalSection(ProjectConfigurationPlatforms) = postSolution
		{93E770F9-B3CC-4BE6-A3CB-69BB5F541668}.Debug|Any CPU.ActiveCfg = Debug|Any CPU
		{93E770F9-B3CC-4BE6-A3CB-69BB5F541668}.Debug|Any CPU.Build.0 = Debug|Any CPU
		{93E770F9-B3CC-4BE6-A3CB-69BB5F541668}.Release|Any CPU.ActiveCfg = Release|Any CPU
		{93E770F9-B3CC-4BE6-A3CB-69BB5F541668}.Release|Any CPU.Build.0 = Release|Any CPU
	EndGlobalSection
	GlobalSection(SolutionProperties) = preSolution
		HideSolutionNode = FALSE
	EndGlobalSection
	GlobalSection(ExtensibilityGlobals) = postSolution
		SolutionGuid = {61A3E713-02D0-4E4C-A87E-15382C787140}
	EndGlobalSection
EndGlobal
