
Microsoft Visual Studio Solution File, Format Version 12.00
# Visual Studio Version 16
VisualStudioVersion = 16.0.32413.511
MinimumVisualStudioVersion = 10.0.40219.1
Project("{FAE04EC0-301F-11D3-BF4B-00C04F79EFBC}") = "practicandoexamen3", "practicandoexamen3.csproj", "{2DD7DAB5-2636-4D48-81B7-48222F0CB836}"
EndProject
Global
	GlobalSection(SolutionConfigurationPlatforms) = preSolution
		Debug|Any CPU = Debug|Any CPU
		Release|Any CPU = Release|Any CPU
	EndGlobalSection
	GlobalSection(ProjectConfigurationPlatforms) = postSolution
		{2DD7DAB5-2636-4D48-81B7-48222F0CB836}.Debug|Any CPU.ActiveCfg = Debug|Any CPU
		{2DD7DAB5-2636-4D48-81B7-48222F0CB836}.Debug|Any CPU.Build.0 = Debug|Any CPU
		{2DD7DAB5-2636-4D48-81B7-48222F0CB836}.Release|Any CPU.ActiveCfg = Release|Any CPU
		{2DD7DAB5-2636-4D48-81B7-48222F0CB836}.Release|Any CPU.Build.0 = Release|Any CPU
	EndGlobalSection
	GlobalSection(SolutionProperties) = preSolution
		HideSolutionNode = FALSE
	EndGlobalSection
	GlobalSection(ExtensibilityGlobals) = postSolution
		SolutionGuid = {EB186FAA-DB6E-4FB4-8244-EC5E34315A3F}
	EndGlobalSection
EndGlobal
