
Microsoft Visual Studio Solution File, Format Version 12.00
# Visual Studio Version 16
VisualStudioVersion = 16.0.32413.511
MinimumVisualStudioVersion = 10.0.40219.1
Project("{FAE04EC0-301F-11D3-BF4B-00C04F79EFBC}") = "practica5_Jose_Poveda_DAM1", "practica5_Jose_Poveda_DAM1.csproj", "{EEDA3C1C-9E10-430C-82B3-B59808C08BBE}"
EndProject
Global
	GlobalSection(SolutionConfigurationPlatforms) = preSolution
		Debug|Any CPU = Debug|Any CPU
		Release|Any CPU = Release|Any CPU
	EndGlobalSection
	GlobalSection(ProjectConfigurationPlatforms) = postSolution
		{EEDA3C1C-9E10-430C-82B3-B59808C08BBE}.Debug|Any CPU.ActiveCfg = Debug|Any CPU
		{EEDA3C1C-9E10-430C-82B3-B59808C08BBE}.Debug|Any CPU.Build.0 = Debug|Any CPU
		{EEDA3C1C-9E10-430C-82B3-B59808C08BBE}.Release|Any CPU.ActiveCfg = Release|Any CPU
		{EEDA3C1C-9E10-430C-82B3-B59808C08BBE}.Release|Any CPU.Build.0 = Release|Any CPU
	EndGlobalSection
	GlobalSection(SolutionProperties) = preSolution
		HideSolutionNode = FALSE
	EndGlobalSection
	GlobalSection(ExtensibilityGlobals) = postSolution
		SolutionGuid = {C1A3E0DC-D5BE-41AC-895F-35B369486B06}
	EndGlobalSection
EndGlobal
