
Microsoft Visual Studio Solution File, Format Version 12.00
# Visual Studio Version 16
VisualStudioVersion = 16.0.31624.102
MinimumVisualStudioVersion = 10.0.40219.1
Project("{FAE04EC0-301F-11D3-BF4B-00C04F79EFBC}") = "WPFlearn", "WPFlearn.csproj", "{1E88F4BC-44BF-4C5B-9BB4-17D5A564793E}"
EndProject
Global
	GlobalSection(SolutionConfigurationPlatforms) = preSolution
		Debug|Any CPU = Debug|Any CPU
		Release|Any CPU = Release|Any CPU
	EndGlobalSection
	GlobalSection(ProjectConfigurationPlatforms) = postSolution
		{1E88F4BC-44BF-4C5B-9BB4-17D5A564793E}.Debug|Any CPU.ActiveCfg = Debug|Any CPU
		{1E88F4BC-44BF-4C5B-9BB4-17D5A564793E}.Debug|Any CPU.Build.0 = Debug|Any CPU
		{1E88F4BC-44BF-4C5B-9BB4-17D5A564793E}.Release|Any CPU.ActiveCfg = Release|Any CPU
		{1E88F4BC-44BF-4C5B-9BB4-17D5A564793E}.Release|Any CPU.Build.0 = Release|Any CPU
	EndGlobalSection
	GlobalSection(SolutionProperties) = preSolution
		HideSolutionNode = FALSE
	EndGlobalSection
	GlobalSection(ExtensibilityGlobals) = postSolution
		SolutionGuid = {363B3C88-C402-43DF-A764-5B8DEC10D797}
	EndGlobalSection
EndGlobal
