
Microsoft Visual Studio Solution File, Format Version 12.00
# Visual Studio Version 16
VisualStudioVersion = 16.0.31624.102
MinimumVisualStudioVersion = 10.0.40219.1
Project("{FAE04EC0-301F-11D3-BF4B-00C04F79EFBC}") = "2.5 foreach", "2.5 foreach.csproj", "{98123B0C-A17F-4106-95CA-45208AD1FEEE}"
EndProject
Global
	GlobalSection(SolutionConfigurationPlatforms) = preSolution
		Debug|Any CPU = Debug|Any CPU
		Release|Any CPU = Release|Any CPU
	EndGlobalSection
	GlobalSection(ProjectConfigurationPlatforms) = postSolution
		{98123B0C-A17F-4106-95CA-45208AD1FEEE}.Debug|Any CPU.ActiveCfg = Debug|Any CPU
		{98123B0C-A17F-4106-95CA-45208AD1FEEE}.Debug|Any CPU.Build.0 = Debug|Any CPU
		{98123B0C-A17F-4106-95CA-45208AD1FEEE}.Release|Any CPU.ActiveCfg = Release|Any CPU
		{98123B0C-A17F-4106-95CA-45208AD1FEEE}.Release|Any CPU.Build.0 = Release|Any CPU
	EndGlobalSection
	GlobalSection(SolutionProperties) = preSolution
		HideSolutionNode = FALSE
	EndGlobalSection
	GlobalSection(ExtensibilityGlobals) = postSolution
		SolutionGuid = {743617AF-114C-4FB9-A977-C515B6E0A1C1}
	EndGlobalSection
EndGlobal
