
Microsoft Visual Studio Solution File, Format Version 12.00
# Visual Studio Version 16
VisualStudioVersion = 16.0.31624.102
MinimumVisualStudioVersion = 10.0.40219.1
Project("{FAE04EC0-301F-11D3-BF4B-00C04F79EFBC}") = "ejercicios funciones", "ejercicios funciones.csproj", "{BE28C828-DB08-4B20-B94E-E66626D6228D}"
EndProject
Global
	GlobalSection(SolutionConfigurationPlatforms) = preSolution
		Debug|Any CPU = Debug|Any CPU
		Release|Any CPU = Release|Any CPU
	EndGlobalSection
	GlobalSection(ProjectConfigurationPlatforms) = postSolution
		{BE28C828-DB08-4B20-B94E-E66626D6228D}.Debug|Any CPU.ActiveCfg = Debug|Any CPU
		{BE28C828-DB08-4B20-B94E-E66626D6228D}.Debug|Any CPU.Build.0 = Debug|Any CPU
		{BE28C828-DB08-4B20-B94E-E66626D6228D}.Release|Any CPU.ActiveCfg = Release|Any CPU
		{BE28C828-DB08-4B20-B94E-E66626D6228D}.Release|Any CPU.Build.0 = Release|Any CPU
	EndGlobalSection
	GlobalSection(SolutionProperties) = preSolution
		HideSolutionNode = FALSE
	EndGlobalSection
	GlobalSection(ExtensibilityGlobals) = postSolution
		SolutionGuid = {1224679E-8B5F-4A58-AB3F-88ECFBDE5CC0}
	EndGlobalSection
EndGlobal
