
Microsoft Visual Studio Solution File, Format Version 12.00
# Visual Studio Version 16
VisualStudioVersion = 16.0.31624.102
MinimumVisualStudioVersion = 10.0.40219.1
Project("{FAE04EC0-301F-11D3-BF4B-00C04F79EFBC}") = "posiblesolucion2", "posiblesolucion2.csproj", "{DFC1A81A-998B-43A6-8A23-68DAAF9EC2FE}"
EndProject
Global
	GlobalSection(SolutionConfigurationPlatforms) = preSolution
		Debug|Any CPU = Debug|Any CPU
		Release|Any CPU = Release|Any CPU
	EndGlobalSection
	GlobalSection(ProjectConfigurationPlatforms) = postSolution
		{DFC1A81A-998B-43A6-8A23-68DAAF9EC2FE}.Debug|Any CPU.ActiveCfg = Debug|Any CPU
		{DFC1A81A-998B-43A6-8A23-68DAAF9EC2FE}.Debug|Any CPU.Build.0 = Debug|Any CPU
		{DFC1A81A-998B-43A6-8A23-68DAAF9EC2FE}.Release|Any CPU.ActiveCfg = Release|Any CPU
		{DFC1A81A-998B-43A6-8A23-68DAAF9EC2FE}.Release|Any CPU.Build.0 = Release|Any CPU
	EndGlobalSection
	GlobalSection(SolutionProperties) = preSolution
		HideSolutionNode = FALSE
	EndGlobalSection
	GlobalSection(ExtensibilityGlobals) = postSolution
		SolutionGuid = {9363C63F-28B3-42E7-8995-FE4DF4099BCC}
	EndGlobalSection
EndGlobal
